
Microsoft Visual Studio Solution File, Format Version 12.00
# Visual Studio 15
VisualStudioVersion = 15.0.28010.2046
MinimumVisualStudioVersion = 10.0.40219.1
Project("{FAE04EC0-301F-11D3-BF4B-00C04F79EFBC}") = "Snipr Config Decryptor", "Snipr Config Decryptor\Snipr Config Decryptor.csproj", "{35F542A7-8D6F-4E3C-905F-FB1480BE4D5D}"
EndProject
Global
	GlobalSection(SolutionConfigurationPlatforms) = preSolution
		Debug|Any CPU = Debug|Any CPU
		Release|Any CPU = Release|Any CPU
	EndGlobalSection
	GlobalSection(ProjectConfigurationPlatforms) = postSolution
		{35F542A7-8D6F-4E3C-905F-FB1480BE4D5D}.Debug|Any CPU.ActiveCfg = Debug|Any CPU
		{35F542A7-8D6F-4E3C-905F-FB1480BE4D5D}.Debug|Any CPU.Build.0 = Debug|Any CPU
		{35F542A7-8D6F-4E3C-905F-FB1480BE4D5D}.Release|Any CPU.ActiveCfg = Release|Any CPU
		{35F542A7-8D6F-4E3C-905F-FB1480BE4D5D}.Release|Any CPU.Build.0 = Release|Any CPU
	EndGlobalSection
	GlobalSection(SolutionProperties) = preSolution
		HideSolutionNode = FALSE
	EndGlobalSection
	GlobalSection(ExtensibilityGlobals) = postSolution
		SolutionGuid = {F97D39A7-15B4-461C-AAEA-1E1D317B7D05}
	EndGlobalSection
EndGlobal
